
Microsoft Visual Studio Solution File, Format Version 12.00
# Visual Studio Version 16
VisualStudioVersion = 16.0.29519.87
MinimumVisualStudioVersion = 10.0.40219.1
Project("{9A19103F-16F7-4668-BE54-9A1E7A4F7556}") = "Authentication", "Authentication\Authentication.csproj", "{333E4B9E-D038-4628-B1E5-59252846AF4F}"
EndProject
Project("{9A19103F-16F7-4668-BE54-9A1E7A4F7556}") = "IdentityExample", "IdentityExample\IdentityExample.csproj", "{458D31D6-2613-415C-9E89-E0F58B30FA31}"
EndProject
Project("{2150E333-8FDC-42A3-9474-1A3956D46DE8}") = "Solution Items", "Solution Items", "{96B1245F-A5FF-4BEC-AF9F-20F60F1E6548}"
	ProjectSection(SolutionItems) = preProject
		README.md = README.md
	EndProjectSection
EndProject
Global
	GlobalSection(SolutionConfigurationPlatforms) = preSolution
		Debug|Any CPU = Debug|Any CPU
		Release|Any CPU = Release|Any CPU
	EndGlobalSection
	GlobalSection(ProjectConfigurationPlatforms) = postSolution
		{333E4B9E-D038-4628-B1E5-59252846AF4F}.Debug|Any CPU.ActiveCfg = Debug|Any CPU
		{333E4B9E-D038-4628-B1E5-59252846AF4F}.Debug|Any CPU.Build.0 = Debug|Any CPU
		{333E4B9E-D038-4628-B1E5-59252846AF4F}.Release|Any CPU.ActiveCfg = Release|Any CPU
		{333E4B9E-D038-4628-B1E5-59252846AF4F}.Release|Any CPU.Build.0 = Release|Any CPU
		{458D31D6-2613-415C-9E89-E0F58B30FA31}.Debug|Any CPU.ActiveCfg = Debug|Any CPU
		{458D31D6-2613-415C-9E89-E0F58B30FA31}.Debug|Any CPU.Build.0 = Debug|Any CPU
		{458D31D6-2613-415C-9E89-E0F58B30FA31}.Release|Any CPU.ActiveCfg = Release|Any CPU
		{458D31D6-2613-415C-9E89-E0F58B30FA31}.Release|Any CPU.Build.0 = Release|Any CPU
	EndGlobalSection
	GlobalSection(SolutionProperties) = preSolution
		HideSolutionNode = FALSE
	EndGlobalSection
	GlobalSection(ExtensibilityGlobals) = postSolution
		SolutionGuid = {6E8743FC-EE83-4C02-9FEE-0D1833E8ED34}
	EndGlobalSection
EndGlobal
